
Microsoft Visual Studio Solution File, Format Version 12.00
# Visual Studio Version 17
VisualStudioVersion = 17.8.34408.163
MinimumVisualStudioVersion = 10.0.40219.1
Project("{FAE04EC0-301F-11D3-BF4B-00C04F79EFBC}") = "Order_Management", "Order_Management\Order_Management.csproj", "{44298C33-6EC7-447D-B29E-85239DBCB2EF}"
EndProject
Global
	GlobalSection(SolutionConfigurationPlatforms) = preSolution
		Debug|Any CPU = Debug|Any CPU
		Release|Any CPU = Release|Any CPU
	EndGlobalSection
	GlobalSection(ProjectConfigurationPlatforms) = postSolution
		{44298C33-6EC7-447D-B29E-85239DBCB2EF}.Debug|Any CPU.ActiveCfg = Debug|Any CPU
		{44298C33-6EC7-447D-B29E-85239DBCB2EF}.Debug|Any CPU.Build.0 = Debug|Any CPU
		{44298C33-6EC7-447D-B29E-85239DBCB2EF}.Release|Any CPU.ActiveCfg = Release|Any CPU
		{44298C33-6EC7-447D-B29E-85239DBCB2EF}.Release|Any CPU.Build.0 = Release|Any CPU
	EndGlobalSection
	GlobalSection(SolutionProperties) = preSolution
		HideSolutionNode = FALSE
	EndGlobalSection
	GlobalSection(ExtensibilityGlobals) = postSolution
		SolutionGuid = {E983E1AD-67CF-4A94-AD3D-7802C8767BFB}
	EndGlobalSection
EndGlobal
